{
  "version": 4,
  "terraform_version": "1.13.4",
  "serial": 6,
  "lineage": "a43f9c56-f71e-cef3-a74d-28784dee9264",
  "outputs": {},
  "resources": [
    {
      "mode": "managed",
      "type": "gigamon_esxi_connection",
      "name": "my-conn",
      "provider": "provider[\"local/gigamon/gigamon\"]",
      "instances": [
        {
          "schema_version": 0,
          "attributes": {
            "alias": "jana-conn",
            "id": "079f1192-1fd6-40b6-be57-cf1577129531",
            "maximum_nodes_per_host": 1,
            "monitoring_domain_id": "3f7f128d-1712-44a3-955e-00f13bec6ad4",
            "password": "Gigamon123!",
            "resource_allocation": "TargetVMBased",
            "status": "connected",
            "tapping_method": "platform",
            "timeout": 60,
            "username": "administrator@vsphere.local",
            "vcenter_address": "10.115.202.13"
          },
          "sensitive_attributes": [],
          "identity_schema_version": 0,
          "dependencies": [
            "gigamon_esxi_monitoring_domain.my-md"
          ]
        }
      ]
    },
    {
      "mode": "managed",
      "type": "gigamon_esxi_monitoring_domain",
      "name": "my-md",
      "provider": "provider[\"local/gigamon/gigamon\"]",
      "instances": [
        {
          "schema_version": 0,
          "attributes": {
            "alias": "jana-md",
            "connection_id": "079f1192-1fd6-40b6-be57-cf1577129531",
            "id": "3f7f128d-1712-44a3-955e-00f13bec6ad4",
            "platform": "vmwareEsxi",
            "use_public_ip_for_notifications": true,
            "user_launched": false
          },
          "sensitive_attributes": [],
          "identity_schema_version": 0
        }
      ]
    }
  ],
  "check_results": null
}
