{
  "version": 4,
  "terraform_version": "1.13.4",
  "serial": 30,
  "lineage": "6444d5a3-68e5-e54b-4759-6970446d09db",
  "outputs": {},
  "resources": [
    {
      "mode": "managed",
      "type": "gigamon_esxi_image",
      "name": "vseries-6-12-00",
      "provider": "provider[\"local/gigamon/gigamon\"]",
      "instances": [
        {
          "schema_version": 0,
          "attributes": {
            "file_name": "/home/jana/gigamon-gigavue-vseries-node-6.12.00-533040_amd64.ova",
            "id": "gigamon-gigavue-vseries-node-6.12.00-533040_amd64.ova",
            "image_type": null,
            "timeout": 280,
            "vendor": null,
            "version": null
          },
          "sensitive_attributes": [],
          "identity_schema_version": 0
        }
      ]
    }
  ],
  "check_results": null
}
