{
  "version": 4,
  "terraform_version": "1.13.4",
  "serial": 34,
  "lineage": "a1507b11-5615-0e88-0b9d-69a20524c210",
  "outputs": {},
  "resources": [
    {
      "mode": "managed",
      "type": "gigamon_esxi_monitoring_domain",
      "name": "my-md",
      "provider": "provider[\"local/gigamon/gigamon\"]",
      "instances": [
        {
          "schema_version": 0,
          "attributes": {
            "alias": "jana-md",
            "id": "c838c307-6279-4262-8771-ac459e249f29",
            "platform": "vmwareEsxi",
            "use_public_ip_for_notifications": false,
            "user_launched": false
          },
          "sensitive_attributes": [],
          "identity_schema_version": 0
        }
      ]
    }
  ],
  "check_results": null
}
