{
  "version": 4,
  "terraform_version": "1.13.4",
  "serial": 26,
  "lineage": "df17185f-a40b-2215-94f6-63248b6fa3be",
  "outputs": {},
  "resources": [
    {
      "mode": "data",
      "type": "gigamon_esxi_cluster",
      "name": "my-cluster",
      "provider": "provider[\"local/gigamon/gigamon\"]",
      "instances": [
        {
          "schema_version": 0,
          "attributes": {
            "cluster_moref": "domain-c28",
            "cluster_name": "ClusterUno",
            "connection_id": "a5507ed8-4e7d-4aef-80b0-6b5011276352",
            "data_center_moref": "datacenter-3"
          },
          "sensitive_attributes": [],
          "identity_schema_version": 0
        }
      ]
    },
    {
      "mode": "data",
      "type": "gigamon_esxi_datacenter",
      "name": "my-dc",
      "provider": "provider[\"local/gigamon/gigamon\"]",
      "instances": [
        {
          "schema_version": 0,
          "attributes": {
            "connection_id": "a5507ed8-4e7d-4aef-80b0-6b5011276352",
            "data_center_moref": "datacenter-3",
            "data_center_name": "Datacenter"
          },
          "sensitive_attributes": [],
          "identity_schema_version": 0
        }
      ]
    },
    {
      "mode": "data",
      "type": "gigamon_esxi_datastore",
      "name": "my-datastore",
      "provider": "provider[\"local/gigamon/gigamon\"]",
      "instances": [
        {
          "schema_version": 0,
          "attributes": {
            "connection_id": "a5507ed8-4e7d-4aef-80b0-6b5011276352",
            "data_center_moref": "datacenter-3",
            "datastore_moref": "datastore-11",
            "datastore_name": "datastore_10.115.201.43"
          },
          "sensitive_attributes": [],
          "identity_schema_version": 0
        }
      ]
    },
    {
      "mode": "data",
      "type": "gigamon_esxi_datastore_cluster",
      "name": "my-d-cluster",
      "provider": "provider[\"local/gigamon/gigamon\"]",
      "instances": [
        {
          "schema_version": 0,
          "attributes": {
            "connection_id": "a5507ed8-4e7d-4aef-80b0-6b5011276352",
            "data_center_moref": "datacenter-3",
            "datastore_cluster_moref": "group-p6698",
            "datastore_cluster_name": "DatastoreCluster"
          },
          "sensitive_attributes": [],
          "identity_schema_version": 0
        }
      ]
    },
    {
      "mode": "data",
      "type": "gigamon_esxi_networks",
      "name": "my-net",
      "provider": "provider[\"local/gigamon/gigamon\"]",
      "instances": []
    },
    {
      "mode": "managed",
      "type": "gigamon_esxi_connection",
      "name": "my-conn",
      "provider": "provider[\"local/gigamon/gigamon\"]",
      "instances": [
        {
          "schema_version": 0,
          "attributes": {
            "alias": "jana-conn",
            "id": "a5507ed8-4e7d-4aef-80b0-6b5011276352",
            "maximum_nodes_per_host": 1,
            "monitoring_domain_id": "96ca968a-6261-46a4-a01c-e7b653588bbd",
            "password": "Gigamon123!",
            "resource_allocation": "TargetVMBased",
            "status": "connected",
            "tapping_method": "platform",
            "timeout": 60,
            "username": "administrator@vsphere.local",
            "vcenter_address": "10.115.202.13"
          },
          "sensitive_attributes": [],
          "identity_schema_version": 0,
          "dependencies": [
            "gigamon_esxi_monitoring_domain.my-md"
          ]
        }
      ]
    },
    {
      "mode": "managed",
      "type": "gigamon_esxi_monitoring_domain",
      "name": "my-md",
      "provider": "provider[\"local/gigamon/gigamon\"]",
      "instances": [
        {
          "schema_version": 0,
          "attributes": {
            "alias": "jana-md",
            "id": "96ca968a-6261-46a4-a01c-e7b653588bbd",
            "platform": "vmwareEsxi",
            "use_public_ip_for_notifications": false,
            "user_launched": false
          },
          "sensitive_attributes": [],
          "identity_schema_version": 0
        }
      ]
    }
  ],
  "check_results": null
}
