{
  "version": 4,
  "terraform_version": "1.13.4",
  "serial": 24,
  "lineage": "a669003d-3283-49bf-40ae-f5918f360a13",
  "outputs": {},
  "resources": [
    {
      "mode": "data",
      "type": "gigamon_esxi_datacenter",
      "name": "my-dc",
      "provider": "provider[\"local/gigamon/gigamon\"]",
      "instances": []
    },
    {
      "mode": "managed",
      "type": "gigamon_esxi_connection",
      "name": "my-conn",
      "provider": "provider[\"local/gigamon/gigamon\"]",
      "instances": [
        {
          "schema_version": 0,
          "attributes": {
            "alias": "jana-conn",
            "id": "83d53782-1ed4-48eb-857b-7d9b0cb8bf12",
            "maximum_nodes_per_host": 1,
            "monitoring_domain_id": "2f6dd3de-6781-44c8-8d1e-e0785a2bec3b",
            "password": "Gigamon123!",
            "resource_allocation": "TargetVMBased",
            "status": "initializing",
            "tapping_method": "platform",
            "username": "administrator@vsphere.local",
            "vcenter_address": "10.115.202.13"
          },
          "sensitive_attributes": [],
          "identity_schema_version": 0,
          "dependencies": [
            "gigamon_esxi_monitoring_domain.my-md"
          ]
        }
      ]
    },
    {
      "mode": "managed",
      "type": "gigamon_esxi_monitoring_domain",
      "name": "my-md",
      "provider": "provider[\"local/gigamon/gigamon\"]",
      "instances": [
        {
          "schema_version": 0,
          "attributes": {
            "alias": "jana-md",
            "id": "2f6dd3de-6781-44c8-8d1e-e0785a2bec3b",
            "platform": "vmwareEsxi",
            "use_public_ip_for_notifications": false,
            "user_launched": false
          },
          "sensitive_attributes": [],
          "identity_schema_version": 0
        }
      ]
    }
  ],
  "check_results": null
}
