{
  "version": 4,
  "terraform_version": "1.13.4",
  "serial": 51,
  "lineage": "0c4d9c4a-f22d-5a41-7705-78cb08de373b",
  "outputs": {},
  "resources": [
    {
      "mode": "data",
      "type": "gigamon_esxi_cluster",
      "name": "my-cluster",
      "provider": "provider[\"local/gigamon/gigamon\"]",
      "instances": [
        {
          "schema_version": 0,
          "attributes": {
            "cluster_moref": "domain-c28",
            "cluster_name": "ClusterUno",
            "connection_id": "91c2c1ea-b87a-464a-aa41-0a9648c30b7d",
            "data_center_moref": "datacenter-3"
          },
          "sensitive_attributes": [],
          "identity_schema_version": 0
        }
      ]
    },
    {
      "mode": "data",
      "type": "gigamon_esxi_datacenter",
      "name": "my-dc",
      "provider": "provider[\"local/gigamon/gigamon\"]",
      "instances": [
        {
          "schema_version": 0,
          "attributes": {
            "connection_id": "91c2c1ea-b87a-464a-aa41-0a9648c30b7d",
            "data_center_moref": "datacenter-3",
            "data_center_name": "Datacenter"
          },
          "sensitive_attributes": [],
          "identity_schema_version": 0
        }
      ]
    },
    {
      "mode": "data",
      "type": "gigamon_esxi_datastore_cluster",
      "name": "my-ds-cluster",
      "provider": "provider[\"local/gigamon/gigamon\"]",
      "instances": [
        {
          "schema_version": 0,
          "attributes": {
            "connection_id": "91c2c1ea-b87a-464a-aa41-0a9648c30b7d",
            "data_center_moref": "datacenter-3",
            "datastore_cluster_moref": "group-p6698",
            "datastore_cluster_name": "DatastoreCluster"
          },
          "sensitive_attributes": [],
          "identity_schema_version": 0
        }
      ]
    },
    {
      "mode": "data",
      "type": "gigamon_esxi_hosts",
      "name": "my-hosts",
      "provider": "provider[\"local/gigamon/gigamon\"]",
      "instances": [
        {
          "schema_version": 0,
          "attributes": {
            "cluster_moref": [
              "domain-c28"
            ],
            "connection_id": "91c2c1ea-b87a-464a-aa41-0a9648c30b7d",
            "data_center_moref": "datacenter-3",
            "host_details": {
              "10.115.201.43": {
                "cluster_moref": "domain-c28",
                "host_moref": "host-10"
              },
              "10.115.201.44": {
                "cluster_moref": "domain-c28",
                "host_moref": "host-12382"
              }
            },
            "hostname": null,
            "hostname_pattern": null
          },
          "sensitive_attributes": [],
          "identity_schema_version": 0
        }
      ]
    },
    {
      "mode": "data",
      "type": "gigamon_esxi_networks",
      "name": "my-net",
      "provider": "provider[\"local/gigamon/gigamon\"]",
      "instances": [
        {
          "schema_version": 0,
          "attributes": {
            "connection_id": "91c2c1ea-b87a-464a-aa41-0a9648c30b7d",
            "data_center_moref": "datacenter-3",
            "network_moref": "network-12",
            "network_name": "VM Network"
          },
          "sensitive_attributes": [],
          "identity_schema_version": 0
        }
      ]
    },
    {
      "mode": "managed",
      "type": "gigamon_esxi_connection",
      "name": "my-conn",
      "provider": "provider[\"local/gigamon/gigamon\"]",
      "instances": [
        {
          "schema_version": 0,
          "attributes": {
            "alias": "jana-conn",
            "id": "91c2c1ea-b87a-464a-aa41-0a9648c30b7d",
            "maximum_nodes_per_host": 1,
            "monitoring_domain_id": "f51f5782-0704-416a-9970-d01821a88603",
            "password": "Gigamon123!",
            "resource_allocation": "TargetVMBased",
            "status": "connected",
            "tapping_method": "platform",
            "timeout": 60,
            "username": "administrator@vsphere.local",
            "vcenter_address": "10.115.202.13"
          },
          "sensitive_attributes": [],
          "identity_schema_version": 0,
          "dependencies": [
            "gigamon_esxi_monitoring_domain.my-md"
          ]
        }
      ]
    },
    {
      "mode": "managed",
      "type": "gigamon_esxi_image",
      "name": "vseries-6-12",
      "provider": "provider[\"local/gigamon/gigamon\"]",
      "instances": [
        {
          "schema_version": 0,
          "attributes": {
            "file_name": "/home/jana/gigamon-gigavue-vseries-node-6.12.00-550748_amd64.ova",
            "id": "gigamon-gigavue-vseries-node-6.12.00-550748_amd64.ova",
            "image_type": "VSERIES_NODE",
            "timeout": 180,
            "vendor": "Gigamon Inc.",
            "version": "6.12.00-550748"
          },
          "sensitive_attributes": [],
          "identity_schema_version": 0
        }
      ]
    },
    {
      "mode": "managed",
      "type": "gigamon_esxi_monitoring_domain",
      "name": "my-md",
      "provider": "provider[\"local/gigamon/gigamon\"]",
      "instances": [
        {
          "schema_version": 0,
          "attributes": {
            "alias": "jana-md",
            "id": "f51f5782-0704-416a-9970-d01821a88603",
            "platform": "vmwareEsxi",
            "use_public_ip_for_notifications": false,
            "user_launched": false
          },
          "sensitive_attributes": [],
          "identity_schema_version": 0
        }
      ]
    }
  ],
  "check_results": null
}
