{
  "version": 4,
  "terraform_version": "1.13.4",
  "serial": 3,
  "lineage": "f762292f-d8e1-f0f1-963b-5ebff54c0cc7",
  "outputs": {},
  "resources": [
    {
      "mode": "managed",
      "type": "gigamon_esxi_monitoring_domain",
      "name": "my-md",
      "provider": "provider[\"local/gigamon/gigamon\"]",
      "instances": [
        {
          "schema_version": 0,
          "attributes": {
            "alias": "jana-md",
            "connection_id": "079f1192-1fd6-40b6-be57-cf1577129531",
            "id": "3f7f128d-1712-44a3-955e-00f13bec6ad4",
            "platform": "vmwareEsxi",
            "use_public_ip_for_notifications": true,
            "user_launched": false
          },
          "sensitive_attributes": [],
          "identity_schema_version": 0
        }
      ]
    }
  ],
  "check_results": null
}
